// !$*UTF8*$!
{
	archiveVersion = 1;
	classes = {
	};
	objectVersion = 56;
	objects = {

/* Begin PBXBuildFile section */
		01AA8096297A78E2005D89A6 /* AppDelegate.swift in Sources */ = {isa = PBXBuildFile; fileRef = 01AA8095297A78E2005D89A6 /* AppDelegate.swift */; };
		01AA8098297A78E2005D89A6 /* SceneDelegate.swift in Sources */ = {isa = PBXBuildFile; fileRef = 01AA8097297A78E2005D89A6 /* SceneDelegate.swift */; };
		01AA809A297A78E2005D89A6 /* ViewController.swift in Sources */ = {isa = PBXBuildFile; fileRef = 01AA8099297A78E2005D89A6 /* ViewController.swift */; };
		01AA809D297A78E2005D89A6 /* Main.storyboard in Resources */ = {isa = PBXBuildFile; fileRef = 01AA809B297A78E2005D89A6 /* Main.storyboard */; };
		01AA809F297A78E3005D89A6 /* Assets.xcassets in Resources */ = {isa = PBXBuildFile; fileRef = 01AA809E297A78E3005D89A6 /* Assets.xcassets */; };
		01AA80A2297A78E3005D89A6 /* LaunchScreen.storyboard in Resources */ = {isa = PBXBuildFile; fileRef = 01AA80A0297A78E3005D89A6 /* LaunchScreen.storyboard */; };
		01AA80AD297A78E3005D89A6 /* BasicsOfSurvival_gitTests.swift in Sources */ = {isa = PBXBuildFile; fileRef = 01AA80AC297A78E3005D89A6 /* BasicsOfSurvival_gitTests.swift */; };
		01AA80B7297A78E3005D89A6 /* BasicsOfSurvival_gitUITests.swift in Sources */ = {isa = PBXBuildFile; fileRef = 01AA80B6297A78E3005D89A6 /* BasicsOfSurvival_gitUITests.swift */; };
		01AA80B9297A78E3005D89A6 /* BasicsOfSurvival_gitUITestsLaunchTests.swift in Sources */ = {isa = PBXBuildFile; fileRef = 01AA80B8297A78E3005D89A6 /* BasicsOfSurvival_gitUITestsLaunchTests.swift */; };
/* End PBXBuildFile section */

/* Begin PBXContainerItemProxy section */
		01AA80A9297A78E3005D89A6 /* PBXContainerItemProxy */ = {
			isa = PBXContainerItemProxy;
			containerPortal = 01AA808A297A78E1005D89A6 /* Project object */;
			proxyType = 1;
			remoteGlobalIDString = 01AA8091297A78E2005D89A6;
			remoteInfo = BasicsOfSurvival.git;
		};
		01AA80B3297A78E3005D89A6 /* PBXContainerItemProxy */ = {
			isa = PBXContainerItemProxy;
			containerPortal = 01AA808A297A78E1005D89A6 /* Project object */;
			proxyType = 1;
			remoteGlobalIDString = 01AA8091297A78E2005D89A6;
			remoteInfo = BasicsOfSurvival.git;
		};
/* End PBXContainerItemProxy section */

/* Begin PBXFileReference section */
		01AA8092297A78E2005D89A6 /* BasicsOfSurvival.git.app */ = {isa = PBXFileReference; explicitFileType = wrapper.application; includeInIndex = 0; path = BasicsOfSurvival.git.app; sourceTree = BUILT_PRODUCTS_DIR; };
		01AA8095297A78E2005D89A6 /* AppDelegate.swift */ = {isa = PBXFileReference; lastKnownFileType = sourcecode.swift; path = AppDelegate.swift; sourceTree = "<group>"; };
		01AA8097297A78E2005D89A6 /* SceneDelegate.swift */ = {isa = PBXFileReference; lastKnownFileType = sourcecode.swift; path = SceneDelegate.swift; sourceTree = "<group>"; };
		01AA8099297A78E2005D89A6 /* ViewController.swift */ = {isa = PBXFileReference; lastKnownFileType = sourcecode.swift; path = ViewController.swift; sourceTree = "<group>"; };
		01AA809C297A78E2005D89A6 /* Base */ = {isa = PBXFileReference; lastKnownFileType = file.storyboard; name = Base; path = Base.lproj/Main.storyboard; sourceTree = "<group>"; };
		01AA809E297A78E3005D89A6 /* Assets.xcassets */ = {isa = PBXFileReference; lastKnownFileType = folder.assetcatalog; path = Assets.xcassets; sourceTree = "<group>"; };
		01AA80A1297A78E3005D89A6 /* Base */ = {isa = PBXFileReference; lastKnownFileType = file.storyboard; name = Base; path = Base.lproj/LaunchScreen.storyboard; sourceTree = "<group>"; };
		01AA80A3297A78E3005D89A6 /* Info.plist */ = {isa = PBXFileReference; lastKnownFileType = text.plist.xml; path = Info.plist; sourceTree = "<group>"; };
		01AA80A8297A78E3005D89A6 /* BasicsOfSurvival.gitTests.xctest */ = {isa = PBXFileReference; explicitFileType = wrapper.cfbundle; includeInIndex = 0; path = BasicsOfSurvival.gitTests.xctest; sourceTree = BUILT_PRODUCTS_DIR; };
		01AA80AC297A78E3005D89A6 /* BasicsOfSurvival_gitTests.swift */ = {isa = PBXFileReference; lastKnownFileType = sourcecode.swift; path = BasicsOfSurvival_gitTests.swift; sourceTree = "<group>"; };
		01AA80B2297A78E3005D89A6 /* BasicsOfSurvival.gitUITests.xctest */ = {isa = PBXFileReference; explicitFileType = wrapper.cfbundle; includeInIndex = 0; path = BasicsOfSurvival.gitUITests.xctest; sourceTree = BUILT_PRODUCTS_DIR; };
		01AA80B6297A78E3005D89A6 /* BasicsOfSurvival_gitUITests.swift */ = {isa = PBXFileReference; lastKnownFileType = sourcecode.swift; path = BasicsOfSurvival_gitUITests.swift; sourceTree = "<group>"; };
		01AA80B8297A78E3005D89A6 /* BasicsOfSurvival_gitUITestsLaunchTests.swift */ = {isa = PBXFileReference; lastKnownFileType = sourcecode.swift; path = BasicsOfSurvival_gitUITestsLaunchTests.swift; sourceTree = "<group>"; };
/* End PBXFileReference section */

/* Begin PBXFrameworksBuildPhase section */
		01AA808F297A78E2005D89A6 /* Frameworks */ = {
			isa = PBXFrameworksBuildPhase;
			buildActionMask = 2147483647;
			files = (
			);
			runOnlyForDeploymentPostprocessing = 0;
		};
		01AA80A5297A78E3005D89A6 /* Frameworks */ = {
			isa = PBXFrameworksBuildPhase;
			buildActionMask = 2147483647;
			files = (
			);
			runOnlyForDeploymentPostprocessing = 0;
		};
		01AA80AF297A78E3005D89A6 /* Frameworks */ = {
			isa = PBXFrameworksBuildPhase;
			buildActionMask = 2147483647;
			files = (
			);
			runOnlyForDeploymentPostprocessing = 0;
		};
/* End PBXFrameworksBuildPhase section */

/* Begin PBXGroup section */
		01AA8089297A78E1005D89A6 = {
			isa = PBXGroup;
			children = (
				01AA8094297A78E2005D89A6 /* BasicsOfSurvival.git */,
				01AA80AB297A78E3005D89A6 /* BasicsOfSurvival.gitTests */,
				01AA80B5297A78E3005D89A6 /* BasicsOfSurvival.gitUITests */,
				01AA8093297A78E2005D89A6 /* Products */,
			);
			sourceTree = "<group>";
		};
		01AA8093297A78E2005D89A6 /* Products */ = {
			isa = PBXGroup;
			children = (
				01AA8092297A78E2005D89A6 /* BasicsOfSurvival.git.app */,
				01AA80A8297A78E3005D89A6 /* BasicsOfSurvival.gitTests.xctest */,
				01AA80B2297A78E3005D89A6 /* BasicsOfSurvival.gitUITests.xctest */,
			);
			name = Products;
			sourceTree = "<group>";
		};
		01AA8094297A78E2005D89A6 /* BasicsOfSurvival.git */ = {
			isa = PBXGroup;
			children = (
				01AA8095297A78E2005D89A6 /* AppDelegate.swift */,
				01AA8097297A78E2005D89A6 /* SceneDelegate.swift */,
				01AA8099297A78E2005D89A6 /* ViewController.swift */,
				01AA809B297A78E2005D89A6 /* Main.storyboard */,
				01AA809E297A78E3005D89A6 /* Assets.xcassets */,
				01AA80A0297A78E3005D89A6 /* LaunchScreen.storyboard */,
				01AA80A3297A78E3005D89A6 /* Info.plist */,
			);
			path = BasicsOfSurvival.git;
			sourceTree = "<group>";
		};
		01AA80AB297A78E3005D89A6 /* BasicsOfSurvival.gitTests */ = {
			isa = PBXGroup;
			children = (
				01AA80AC297A78E3005D89A6 /* BasicsOfSurvival_gitTests.swift */,
			);
			path = BasicsOfSurvival.gitTests;
			sourceTree = "<group>";
		};
		01AA80B5297A78E3005D89A6 /* BasicsOfSurvival.gitUITests */ = {
			isa = PBXGroup;
			children = (
				01AA80B6297A78E3005D89A6 /* BasicsOfSurvival_gitUITests.swift */,
				01AA80B8297A78E3005D89A6 /* BasicsOfSurvival_gitUITestsLaunchTests.swift */,
			);
			path = BasicsOfSurvival.gitUITests;
			sourceTree = "<group>";
		};
/* End PBXGroup section */

/* Begin PBXNativeTarget section */
		01AA8091297A78E2005D89A6 /* BasicsOfSurvival.git */ = {
			isa = PBXNativeTarget;
			buildConfigurationList = 01AA80BC297A78E3005D89A6 /* Build configuration list for PBXNativeTarget "BasicsOfSurvival.git" */;
			buildPhases = (
				01AA808E297A78E2005D89A6 /* Sources */,
				01AA808F297A78E2005D89A6 /* Frameworks */,
				01AA8090297A78E2005D89A6 /* Resources */,
			);
			buildRules = (
			);
			dependencies = (
			);
			name = BasicsOfSurvival.git;
			productName = BasicsOfSurvival.git;
			productReference = 01AA8092297A78E2005D89A6 /* BasicsOfSurvival.git.app */;
			productType = "com.apple.product-type.application";
		};
		01AA80A7297A78E3005D89A6 /* BasicsOfSurvival.gitTests */ = {
			isa = PBXNativeTarget;
			buildConfigurationList = 01AA80BF297A78E3005D89A6 /* Build configuration list for PBXNativeTarget "BasicsOfSurvival.gitTests" */;
			buildPhases = (
				01AA80A4297A78E3005D89A6 /* Sources */,
				01AA80A5297A78E3005D89A6 /* Frameworks */,
				01AA80A6297A78E3005D89A6 /* Resources */,
			);
			buildRules = (
			);
			dependencies = (
				01AA80AA297A78E3005D89A6 /* PBXTargetDependency */,
			);
			name = BasicsOfSurvival.gitTests;
			productName = BasicsOfSurvival.gitTests;
			productReference = 01AA80A8297A78E3005D89A6 /* BasicsOfSurvival.gitTests.xctest */;
			productType = "com.apple.product-type.bundle.unit-test";
		};
		01AA80B1297A78E3005D89A6 /* BasicsOfSurvival.gitUITests */ = {
			isa = PBXNativeTarget;
			buildConfigurationList = 01AA80C2297A78E3005D89A6 /* Build configuration list for PBXNativeTarget "BasicsOfSurvival.gitUITests" */;
			buildPhases = (
				01AA80AE297A78E3005D89A6 /* Sources */,
				01AA80AF297A78E3005D89A6 /* Frameworks */,
				01AA80B0297A78E3005D89A6 /* Resources */,
			);
			buildRules = (
			);
			dependencies = (
				01AA80B4297A78E3005D89A6 /* PBXTargetDependency */,
			);
			name = BasicsOfSurvival.gitUITests;
			productName = BasicsOfSurvival.gitUITests;
			productReference = 01AA80B2297A78E3005D89A6 /* BasicsOfSurvival.gitUITests.xctest */;
			productType = "com.apple.product-type.bundle.ui-testing";
		};
/* End PBXNativeTarget section */

/* Begin PBXProject section */
		01AA808A297A78E1005D89A6 /* Project object */ = {
			isa = PBXProject;
			attributes = {
				BuildIndependentTargetsInParallel = 1;
				LastSwiftUpdateCheck = 1410;
				LastUpgradeCheck = 1410;
				TargetAttributes = {
					01AA8091297A78E2005D89A6 = {
						CreatedOnToolsVersion = 14.1;
					};
					01AA80A7297A78E3005D89A6 = {
						CreatedOnToolsVersion = 14.1;
						TestTargetID = 01AA8091297A78E2005D89A6;
					};
					01AA80B1297A78E3005D89A6 = {
						CreatedOnToolsVersion = 14.1;
						TestTargetID = 01AA8091297A78E2005D89A6;
					};
				};
			};
			buildConfigurationList = 01AA808D297A78E1005D89A6 /* Build configuration list for PBXProject "BasicsOfSurvival.git" */;
			compatibilityVersion = "Xcode 14.0";
			developmentRegion = en;
			hasScannedForEncodings = 0;
			knownRegions = (
				en,
				Base,
			);
			mainGroup = 01AA8089297A78E1005D89A6;
			productRefGroup = 01AA8093297A78E2005D89A6 /* Products */;
			projectDirPath = "";
			projectRoot = "";
			targets = (
				01AA8091297A78E2005D89A6 /* BasicsOfSurvival.git */,
				01AA80A7297A78E3005D89A6 /* BasicsOfSurvival.gitTests */,
				01AA80B1297A78E3005D89A6 /* BasicsOfSurvival.gitUITests */,
			);
		};
/* End PBXProject section */

/* Begin PBXResourcesBuildPhase section */
		01AA8090297A78E2005D89A6 /* Resources */ = {
			isa = PBXResourcesBuildPhase;
			buildActionMask = 2147483647;
			files = (
				01AA80A2297A78E3005D89A6 /* LaunchScreen.storyboard in Resources */,
				01AA809F297A78E3005D89A6 /* Assets.xcassets in Resources */,
				01AA809D297A78E2005D89A6 /* Main.storyboard in Resources */,
			);
			runOnlyForDeploymentPostprocessing = 0;
		};
		01AA80A6297A78E3005D89A6 /* Resources */ = {
			isa = PBXResourcesBuildPhase;
			buildActionMask = 2147483647;
			files = (
			);
			runOnlyForDeploymentPostprocessing = 0;
		};
		01AA80B0297A78E3005D89A6 /* Resources */ = {
			isa = PBXResourcesBuildPhase;
			buildActionMask = 2147483647;
			files = (
			);
			runOnlyForDeploymentPostprocessing = 0;
		};
/* End PBXResourcesBuildPhase section */

/* Begin PBXSourcesBuildPhase section */
		01AA808E297A78E2005D89A6 /* Sources */ = {
			isa = PBXSourcesBuildPhase;
			buildActionMask = 2147483647;
			files = (
				01AA809A297A78E2005D89A6 /* ViewController.swift in Sources */,
				01AA8096297A78E2005D89A6 /* AppDelegate.swift in Sources */,
				01AA8098297A78E2005D89A6 /* SceneDelegate.swift in Sources */,
			);
			runOnlyForDeploymentPostprocessing = 0;
		};
		01AA80A4297A78E3005D89A6 /* Sources */ = {
			isa = PBXSourcesBuildPhase;
			buildActionMask = 2147483647;
			files = (
				01AA80AD297A78E3005D89A6 /* BasicsOfSurvival_gitTests.swift in Sources */,
			);
			runOnlyForDeploymentPostprocessing = 0;
		};
		01AA80AE297A78E3005D89A6 /* Sources */ = {
			isa = PBXSourcesBuildPhase;
			buildActionMask = 2147483647;
			files = (
				01AA80B7297A78E3005D89A6 /* BasicsOfSurvival_gitUITests.swift in Sources */,
				01AA80B9297A78E3005D89A6 /* BasicsOfSurvival_gitUITestsLaunchTests.swift in Sources */,
			);
			runOnlyForDeploymentPostprocessing = 0;
		};
/* End PBXSourcesBuildPhase section */

/* Begin PBXTargetDependency section */
		01AA80AA297A78E3005D89A6 /* PBXTargetDependency */ = {
			isa = PBXTargetDependency;
			target = 01AA8091297A78E2005D89A6 /* BasicsOfSurvival.git */;
			targetProxy = 01AA80A9297A78E3005D89A6 /* PBXContainerItemProxy */;
		};
		01AA80B4297A78E3005D89A6 /* PBXTargetDependency */ = {
			isa = PBXTargetDependency;
			target = 01AA8091297A78E2005D89A6 /* BasicsOfSurvival.git */;
			targetProxy = 01AA80B3297A78E3005D89A6 /* PBXContainerItemProxy */;
		};
/* End PBXTargetDependency section */

/* Begin PBXVariantGroup section */
		01AA809B297A78E2005D89A6 /* Main.storyboard */ = {
			isa = PBXVariantGroup;
			children = (
				01AA809C297A78E2005D89A6 /* Base */,
			);
			name = Main.storyboard;
			sourceTree = "<group>";
		};
		01AA80A0297A78E3005D89A6 /* LaunchScreen.storyboard */ = {
			isa = PBXVariantGroup;
			children = (
				01AA80A1297A78E3005D89A6 /* Base */,
			);
			name = LaunchScreen.storyboard;
			sourceTree = "<group>";
		};
/* End PBXVariantGroup section */

/* Begin XCBuildConfiguration section */
		01AA80BA297A78E3005D89A6 /* Debug */ = {
			isa = XCBuildConfiguration;
			buildSettings = {
				ALWAYS_SEARCH_USER_PATHS = NO;
				CLANG_ANALYZER_NONNULL = YES;
				CLANG_ANALYZER_NUMBER_OBJECT_CONVERSION = YES_AGGRESSIVE;
				CLANG_CXX_LANGUAGE_STANDARD = "gnu++20";
				CLANG_ENABLE_MODULES = YES;
				CLANG_ENABLE_OBJC_ARC = YES;
				CLANG_ENABLE_OBJC_WEAK = YES;
				CLANG_WARN_BLOCK_CAPTURE_AUTORELEASING = YES;
				CLANG_WARN_BOOL_CONVERSION = YES;
				CLANG_WARN_COMMA = YES;
				CLANG_WARN_CONSTANT_CONVERSION = YES;
				CLANG_WARN_DEPRECATED_OBJC_IMPLEMENTATIONS = YES;
				CLANG_WARN_DIRECT_OBJC_ISA_USAGE = YES_ERROR;
				CLANG_WARN_DOCUMENTATION_COMMENTS = YES;
				CLANG_WARN_EMPTY_BODY = YES;
				CLANG_WARN_ENUM_CONVERSION = YES;
				CLANG_WARN_INFINITE_RECURSION = YES;
				CLANG_WARN_INT_CONVERSION = YES;
				CLANG_WARN_NON_LITERAL_NULL_CONVERSION = YES;
				CLANG_WARN_OBJC_IMPLICIT_RETAIN_SELF = YES;
				CLANG_WARN_OBJC_LITERAL_CONVERSION = YES;
				CLANG_WARN_OBJC_ROOT_CLASS = YES_ERROR;
				CLANG_WARN_QUOTED_INCLUDE_IN_FRAMEWORK_HEADER = YES;
				CLANG_WARN_RANGE_LOOP_ANALYSIS = YES;
				CLANG_WARN_STRICT_PROTOTYPES = YES;
				CLANG_WARN_SUSPICIOUS_MOVE = YES;
				CLANG_WARN_UNGUARDED_AVAILABILITY = YES_AGGRESSIVE;
				CLANG_WARN_UNREACHABLE_CODE = YES;
				CLANG_WARN__DUPLICATE_METHOD_MATCH = YES;
				COPY_PHASE_STRIP = NO;
				DEBUG_INFORMATION_FORMAT = dwarf;
				ENABLE_STRICT_OBJC_MSGSEND = YES;
				ENABLE_TESTABILITY = YES;
				GCC_C_LANGUAGE_STANDARD = gnu11;
				GCC_DYNAMIC_NO_PIC = NO;
				GCC_NO_COMMON_BLOCKS = YES;
				GCC_OPTIMIZATION_LEVEL = 0;
				GCC_PREPROCESSOR_DEFINITIONS = (
					"DEBUG=1",
					"$(inherited)",
				);
				GCC_WARN_64_TO_32_BIT_CONVERSION = YES;
				GCC_WARN_ABOUT_RETURN_TYPE = YES_ERROR;
				GCC_WARN_UNDECLARED_SELECTOR = YES;
				GCC_WARN_UNINITIALIZED_AUTOS = YES_AGGRESSIVE;
				GCC_WARN_UNUSED_FUNCTION = YES;
				GCC_WARN_UNUSED_VARIABLE = YES;
				IPHONEOS_DEPLOYMENT_TARGET = 16.1;
				MTL_ENABLE_DEBUG_INFO = INCLUDE_SOURCE;
				MTL_FAST_MATH = YES;
				ONLY_ACTIVE_ARCH = YES;
				SDKROOT = iphoneos;
				SWIFT_ACTIVE_COMPILATION_CONDITIONS = DEBUG;
				SWIFT_OPTIMIZATION_LEVEL = "-Onone";
			};
			name = Debug;
		};
		01AA80BB297A78E3005D89A6 /* Release */ = {
			isa = XCBuildConfiguration;
			buildSettings = {
				ALWAYS_SEARCH_USER_PATHS = NO;
				CLANG_ANALYZER_NONNULL = YES;
				CLANG_ANALYZER_NUMBER_OBJECT_CONVERSION = YES_AGGRESSIVE;
				CLANG_CXX_LANGUAGE_STANDARD = "gnu++20";
				CLANG_ENABLE_MODULES = YES;
				CLANG_ENABLE_OBJC_ARC = YES;
				CLANG_ENABLE_OBJC_WEAK = YES;
				CLANG_WARN_BLOCK_CAPTURE_AUTORELEASING = YES;
				CLANG_WARN_BOOL_CONVERSION = YES;
				CLANG_WARN_COMMA = YES;
				CLANG_WARN_CONSTANT_CONVERSION = YES;
				CLANG_WARN_DEPRECATED_OBJC_IMPLEMENTATIONS = YES;
				CLANG_WARN_DIRECT_OBJC_ISA_USAGE = YES_ERROR;
				CLANG_WARN_DOCUMENTATION_COMMENTS = YES;
				CLANG_WARN_EMPTY_BODY = YES;
				CLANG_WARN_ENUM_CONVERSION = YES;
				CLANG_WARN_INFINITE_RECURSION = YES;
				CLANG_WARN_INT_CONVERSION = YES;
				CLANG_WARN_NON_LITERAL_NULL_CONVERSION = YES;
				CLANG_WARN_OBJC_IMPLICIT_RETAIN_SELF = YES;
				CLANG_WARN_OBJC_LITERAL_CONVERSION = YES;
				CLANG_WARN_OBJC_ROOT_CLASS = YES_ERROR;
				CLANG_WARN_QUOTED_INCLUDE_IN_FRAMEWORK_HEADER = YES;
				CLANG_WARN_RANGE_LOOP_ANALYSIS = YES;
				CLANG_WARN_STRICT_PROTOTYPES = YES;
				CLANG_WARN_SUSPICIOUS_MOVE = YES;
				CLANG_WARN_UNGUARDED_AVAILABILITY = YES_AGGRESSIVE;
				CLANG_WARN_UNREACHABLE_CODE = YES;
				CLANG_WARN__DUPLICATE_METHOD_MATCH = YES;
				COPY_PHASE_STRIP = NO;
				DEBUG_INFORMATION_FORMAT = "dwarf-with-dsym";
				ENABLE_NS_ASSERTIONS = NO;
				ENABLE_STRICT_OBJC_MSGSEND = YES;
				GCC_C_LANGUAGE_STANDARD = gnu11;
				GCC_NO_COMMON_BLOCKS = YES;
				GCC_WARN_64_TO_32_BIT_CONVERSION = YES;
				GCC_WARN_ABOUT_RETURN_TYPE = YES_ERROR;
				GCC_WARN_UNDECLARED_SELECTOR = YES;
				GCC_WARN_UNINITIALIZED_AUTOS = YES_AGGRESSIVE;
				GCC_WARN_UNUSED_FUNCTION = YES;
				GCC_WARN_UNUSED_VARIABLE = YES;
				IPHONEOS_DEPLOYMENT_TARGET = 16.1;
				MTL_ENABLE_DEBUG_INFO = NO;
				MTL_FAST_MATH = YES;
				SDKROOT = iphoneos;
				SWIFT_COMPILATION_MODE = wholemodule;
				SWIFT_OPTIMIZATION_LEVEL = "-O";
				VALIDATE_PRODUCT = YES;
			};
			name = Release;
		};
		01AA80BD297A78E3005D89A6 /* Debug */ = {
			isa = XCBuildConfiguration;
			buildSettings = {
				ASSETCATALOG_COMPILER_APPICON_NAME = AppIcon;
				ASSETCATALOG_COMPILER_GLOBAL_ACCENT_COLOR_NAME = AccentColor;
				CODE_SIGN_STYLE = Automatic;
				CURRENT_PROJECT_VERSION = 1;
				GENERATE_INFOPLIST_FILE = YES;
				INFOPLIST_FILE = BasicsOfSurvival.git/Info.plist;
				INFOPLIST_KEY_UIApplicationSupportsIndirectInputEvents = YES;
				INFOPLIST_KEY_UILaunchStoryboardName = LaunchScreen;
				INFOPLIST_KEY_UIMainStoryboardFile = Main;
				INFOPLIST_KEY_UISupportedInterfaceOrientations_iPad = "UIInterfaceOrientationPortrait UIInterfaceOrientationPortraitUpsideDown UIInterfaceOrientationLandscapeLeft UIInterfaceOrientationLandscapeRight";
				INFOPLIST_KEY_UISupportedInterfaceOrientations_iPhone = "UIInterfaceOrientationPortrait UIInterfaceOrientationLandscapeLeft UIInterfaceOrientationLandscapeRight";
				LD_RUNPATH_SEARCH_PATHS = (
					"$(inherited)",
					"@executable_path/Frameworks",
				);
				MARKETING_VERSION = 1.0;
				PRODUCT_BUNDLE_IDENTIFIER = "SwiftBook.BasicsOfSurvival-git";
				PRODUCT_NAME = "$(TARGET_NAME)";
				SWIFT_EMIT_LOC_STRINGS = YES;
				SWIFT_VERSION = 5.0;
				TARGETED_DEVICE_FAMILY = "1,2";
			};
			name = Debug;
		};
		01AA80BE297A78E3005D89A6 /* Release */ = {
			isa = XCBuildConfiguration;
			buildSettings = {
				ASSETCATALOG_COMPILER_APPICON_NAME = AppIcon;
				ASSETCATALOG_COMPILER_GLOBAL_ACCENT_COLOR_NAME = AccentColor;
				CODE_SIGN_STYLE = Automatic;
				CURRENT_PROJECT_VERSION = 1;
				GENERATE_INFOPLIST_FILE = YES;
				INFOPLIST_FILE = BasicsOfSurvival.git/Info.plist;
				INFOPLIST_KEY_UIApplicationSupportsIndirectInputEvents = YES;
				INFOPLIST_KEY_UILaunchStoryboardName = LaunchScreen;
				INFOPLIST_KEY_UIMainStoryboardFile = Main;
				INFOPLIST_KEY_UISupportedInterfaceOrientations_iPad = "UIInterfaceOrientationPortrait UIInterfaceOrientationPortraitUpsideDown UIInterfaceOrientationLandscapeLeft UIInterfaceOrientationLandscapeRight";
				INFOPLIST_KEY_UISupportedInterfaceOrientations_iPhone = "UIInterfaceOrientationPortrait UIInterfaceOrientationLandscapeLeft UIInterfaceOrientationLandscapeRight";
				LD_RUNPATH_SEARCH_PATHS = (
					"$(inherited)",
					"@executable_path/Frameworks",
				);
				MARKETING_VERSION = 1.0;
				PRODUCT_BUNDLE_IDENTIFIER = "SwiftBook.BasicsOfSurvival-git";
				PRODUCT_NAME = "$(TARGET_NAME)";
				SWIFT_EMIT_LOC_STRINGS = YES;
				SWIFT_VERSION = 5.0;
				TARGETED_DEVICE_FAMILY = "1,2";
			};
			name = Release;
		};
		01AA80C0297A78E3005D89A6 /* Debug */ = {
			isa = XCBuildConfiguration;
			buildSettings = {
				ALWAYS_EMBED_SWIFT_STANDARD_LIBRARIES = YES;
				BUNDLE_LOADER = "$(TEST_HOST)";
				CODE_SIGN_STYLE = Automatic;
				CURRENT_PROJECT_VERSION = 1;
				GENERATE_INFOPLIST_FILE = YES;
				IPHONEOS_DEPLOYMENT_TARGET = 16.1;
				MARKETING_VERSION = 1.0;
				PRODUCT_BUNDLE_IDENTIFIER = "SwiftBook.BasicsOfSurvival-gitTests";
				PRODUCT_NAME = "$(TARGET_NAME)";
				SWIFT_EMIT_LOC_STRINGS = NO;
				SWIFT_VERSION = 5.0;
				TARGETED_DEVICE_FAMILY = "1,2";
				TEST_HOST = "$(BUILT_PRODUCTS_DIR)/BasicsOfSurvival.git.app/$(BUNDLE_EXECUTABLE_FOLDER_PATH)/BasicsOfSurvival.git";
			};
			name = Debug;
		};
		01AA80C1297A78E3005D89A6 /* Release */ = {
			isa = XCBuildConfiguration;
			buildSettings = {
				ALWAYS_EMBED_SWIFT_STANDARD_LIBRARIES = YES;
				BUNDLE_LOADER = "$(TEST_HOST)";
				CODE_SIGN_STYLE = Automatic;
				CURRENT_PROJECT_VERSION = 1;
				GENERATE_INFOPLIST_FILE = YES;
				IPHONEOS_DEPLOYMENT_TARGET = 16.1;
				MARKETING_VERSION = 1.0;
				PRODUCT_BUNDLE_IDENTIFIER = "SwiftBook.BasicsOfSurvival-gitTests";
				PRODUCT_NAME = "$(TARGET_NAME)";
				SWIFT_EMIT_LOC_STRINGS = NO;
				SWIFT_VERSION = 5.0;
				TARGETED_DEVICE_FAMILY = "1,2";
				TEST_HOST = "$(BUILT_PRODUCTS_DIR)/BasicsOfSurvival.git.app/$(BUNDLE_EXECUTABLE_FOLDER_PATH)/BasicsOfSurvival.git";
			};
			name = Release;
		};
		01AA80C3297A78E3005D89A6 /* Debug */ = {
			isa = XCBuildConfiguration;
			buildSettings = {
				ALWAYS_EMBED_SWIFT_STANDARD_LIBRARIES = YES;
				CODE_SIGN_STYLE = Automatic;
				CURRENT_PROJECT_VERSION = 1;
				GENERATE_INFOPLIST_FILE = YES;
				MARKETING_VERSION = 1.0;
				PRODUCT_BUNDLE_IDENTIFIER = "SwiftBook.BasicsOfSurvival-gitUITests";
				PRODUCT_NAME = "$(TARGET_NAME)";
				SWIFT_EMIT_LOC_STRINGS = NO;
				SWIFT_VERSION = 5.0;
				TARGETED_DEVICE_FAMILY = "1,2";
				TEST_TARGET_NAME = BasicsOfSurvival.git;
			};
			name = Debug;
		};
		01AA80C4297A78E3005D89A6 /* Release */ = {
			isa = XCBuildConfiguration;
			buildSettings = {
				ALWAYS_EMBED_SWIFT_STANDARD_LIBRARIES = YES;
				CODE_SIGN_STYLE = Automatic;
				CURRENT_PROJECT_VERSION = 1;
				GENERATE_INFOPLIST_FILE = YES;
				MARKETING_VERSION = 1.0;
				PRODUCT_BUNDLE_IDENTIFIER = "SwiftBook.BasicsOfSurvival-gitUITests";
				PRODUCT_NAME = "$(TARGET_NAME)";
				SWIFT_EMIT_LOC_STRINGS = NO;
				SWIFT_VERSION = 5.0;
				TARGETED_DEVICE_FAMILY = "1,2";
				TEST_TARGET_NAME = BasicsOfSurvival.git;
			};
			name = Release;
		};
/* End XCBuildConfiguration section */

/* Begin XCConfigurationList section */
		01AA808D297A78E1005D89A6 /* Build configuration list for PBXProject "BasicsOfSurvival.git" */ = {
			isa = XCConfigurationList;
			buildConfigurations = (
				01AA80BA297A78E3005D89A6 /* Debug */,
				01AA80BB297A78E3005D89A6 /* Release */,
			);
			defaultConfigurationIsVisible = 0;
			defaultConfigurationName = Release;
		};
		01AA80BC297A78E3005D89A6 /* Build configuration list for PBXNativeTarget "BasicsOfSurvival.git" */ = {
			isa = XCConfigurationList;
			buildConfigurations = (
				01AA80BD297A78E3005D89A6 /* Debug */,
				01AA80BE297A78E3005D89A6 /* Release */,
			);
			defaultConfigurationIsVisible = 0;
			defaultConfigurationName = Release;
		};
		01AA80BF297A78E3005D89A6 /* Build configuration list for PBXNativeTarget "BasicsOfSurvival.gitTests" */ = {
			isa = XCConfigurationList;
			buildConfigurations = (
				01AA80C0297A78E3005D89A6 /* Debug */,
				01AA80C1297A78E3005D89A6 /* Release */,
			);
			defaultConfigurationIsVisible = 0;
			defaultConfigurationName = Release;
		};
		01AA80C2297A78E3005D89A6 /* Build configuration list for PBXNativeTarget "BasicsOfSurvival.gitUITests" */ = {
			isa = XCConfigurationList;
			buildConfigurations = (
				01AA80C3297A78E3005D89A6 /* Debug */,
				01AA80C4297A78E3005D89A6 /* Release */,
			);
			defaultConfigurationIsVisible = 0;
			defaultConfigurationName = Release;
		};
/* End XCConfigurationList section */
	};
	rootObject = 01AA808A297A78E1005D89A6 /* Project object */;
}
