// !$*UTF8*$!
{
	archiveVersion = 1;
	classes = {
	};
	objectVersion = 56;
	objects = {

/* Begin PBXBuildFile section */
		01AA8096297A78E2005D89A6 /* AppDelegate.swift in Sources */ = {isa = PBXBuildFile; fileRef = 01AA8095297A78E2005D89A6 /* AppDelegate.swift */; };
		01AA809F297A78E3005D89A6 /* Assets.xcassets in Resources */ = {isa = PBXBuildFile; fileRef = 01AA809E297A78E3005D89A6 /* Assets.xcassets */; };
		01AA80A2297A78E3005D89A6 /* LaunchScreen.storyboard in Resources */ = {isa = PBXBuildFile; fileRef = 01AA80A0297A78E3005D89A6 /* LaunchScreen.storyboard */; };
		01AA80AD297A78E3005D89A6 /* BasicsOfSurvival_gitTests.swift in Sources */ = {isa = PBXBuildFile; fileRef = 01AA80AC297A78E3005D89A6 /* BasicsOfSurvival_gitTests.swift */; };
		01AA80B7297A78E3005D89A6 /* BasicsOfSurvival_gitUITests.swift in Sources */ = {isa = PBXBuildFile; fileRef = 01AA80B6297A78E3005D89A6 /* BasicsOfSurvival_gitUITests.swift */; };
		01AA80B9297A78E3005D89A6 /* BasicsOfSurvival_gitUITestsLaunchTests.swift in Sources */ = {isa = PBXBuildFile; fileRef = 01AA80B8297A78E3005D89A6 /* BasicsOfSurvival_gitUITestsLaunchTests.swift */; };
		7D8F0939297FC299007226D1 /* UICollectionView + Extension.swift in Sources */ = {isa = PBXBuildFile; fileRef = 7D8F0910297FC298007226D1 /* UICollectionView + Extension.swift */; };
		7D8F093A297FC299007226D1 /* UITableView + Extension.swift in Sources */ = {isa = PBXBuildFile; fileRef = 7D8F0911297FC298007226D1 /* UITableView + Extension.swift */; };
		7D8F093B297FC299007226D1 /* TVBaseCell.swift in Sources */ = {isa = PBXBuildFile; fileRef = 7D8F0914297FC298007226D1 /* TVBaseCell.swift */; };
		7D8F093C297FC299007226D1 /* TVSectionBuilder.swift in Sources */ = {isa = PBXBuildFile; fileRef = 7D8F0916297FC298007226D1 /* TVSectionBuilder.swift */; };
		7D8F093D297FC299007226D1 /* CVAdapter.swift in Sources */ = {isa = PBXBuildFile; fileRef = 7D8F0918297FC298007226D1 /* CVAdapter.swift */; };
		7D8F093E297FC299007226D1 /* TVAdapter.swift in Sources */ = {isa = PBXBuildFile; fileRef = 7D8F0919297FC298007226D1 /* TVAdapter.swift */; };
		7D8F093F297FC299007226D1 /* TVSectionHeaderBuilder.swift in Sources */ = {isa = PBXBuildFile; fileRef = 7D8F091B297FC298007226D1 /* TVSectionHeaderBuilder.swift */; };
		7D8F0940297FC299007226D1 /* HeaderSectionModel.swift in Sources */ = {isa = PBXBuildFile; fileRef = 7D8F091C297FC298007226D1 /* HeaderSectionModel.swift */; };
		7D8F0941297FC299007226D1 /* TVSectionHeaderWithButton.swift in Sources */ = {isa = PBXBuildFile; fileRef = 7D8F091D297FC298007226D1 /* TVSectionHeaderWithButton.swift */; };
		7D8F0942297FC299007226D1 /* CVItemBuilderProtocol.swift in Sources */ = {isa = PBXBuildFile; fileRef = 7D8F091F297FC298007226D1 /* CVItemBuilderProtocol.swift */; };
		7D8F0943297FC299007226D1 /* TableViewSectionProtocols.swift in Sources */ = {isa = PBXBuildFile; fileRef = 7D8F0920297FC298007226D1 /* TableViewSectionProtocols.swift */; };
		7D8F0944297FC299007226D1 /* Fonts.swift in Sources */ = {isa = PBXBuildFile; fileRef = 7D8F0922297FC298007226D1 /* Fonts.swift */; };
		7D8F0945297FC299007226D1 /* CardViewModel.swift in Sources */ = {isa = PBXBuildFile; fileRef = 7D8F0925297FC298007226D1 /* CardViewModel.swift */; };
		7D8F0946297FC299007226D1 /* CardSectionViewModel.swift in Sources */ = {isa = PBXBuildFile; fileRef = 7D8F0926297FC298007226D1 /* CardSectionViewModel.swift */; };
		7D8F0948297FC299007226D1 /* TVSingleCell.swift in Sources */ = {isa = PBXBuildFile; fileRef = 7D8F092B297FC299007226D1 /* TVSingleCell.swift */; };
		7D8F0949297FC299007226D1 /* CardCell.swift in Sources */ = {isa = PBXBuildFile; fileRef = 7D8F092E297FC299007226D1 /* CardCell.swift */; };
		7D8F094A297FC299007226D1 /* CardView.swift in Sources */ = {isa = PBXBuildFile; fileRef = 7D8F0930297FC299007226D1 /* CardView.swift */; };
		7D8F094B297FC299007226D1 /* RingProgressView.swift in Sources */ = {isa = PBXBuildFile; fileRef = 7D8F0931297FC299007226D1 /* RingProgressView.swift */; };
		7D8F094C297FC299007226D1 /* PaddingLabel.swift in Sources */ = {isa = PBXBuildFile; fileRef = 7D8F0932297FC299007226D1 /* PaddingLabel.swift */; };
		7D8F094D297FC299007226D1 /* CardItemBuilder.swift in Sources */ = {isa = PBXBuildFile; fileRef = 7D8F0934297FC299007226D1 /* CardItemBuilder.swift */; };
		7D8F094E297FC299007226D1 /* TVSingleCellBuilder.swift in Sources */ = {isa = PBXBuildFile; fileRef = 7D8F0936297FC299007226D1 /* TVSingleCellBuilder.swift */; };
		7D8F094F297FC299007226D1 /* MainScreenFactory.swift in Sources */ = {isa = PBXBuildFile; fileRef = 7D8F0938297FC299007226D1 /* MainScreenFactory.swift */; };
		7D8F0957297FC36B007226D1 /* MainScreenViewController.swift in Sources */ = {isa = PBXBuildFile; fileRef = 7D8F0956297FC36B007226D1 /* MainScreenViewController.swift */; };
		7D8F095C297FC39E007226D1 /* MainScreenPresenter.swift in Sources */ = {isa = PBXBuildFile; fileRef = 7D8F095B297FC39E007226D1 /* MainScreenPresenter.swift */; };
		7D8F095E297FC4E2007226D1 /* PresentationProtocols.swift in Sources */ = {isa = PBXBuildFile; fileRef = 7D8F095D297FC4E2007226D1 /* PresentationProtocols.swift */; };
		7D8F0961297FD426007226D1 /* AppCoordinator.swift in Sources */ = {isa = PBXBuildFile; fileRef = 7D8F0960297FD426007226D1 /* AppCoordinator.swift */; };
		7D8F0963297FD45C007226D1 /* MainScreenAssembly.swift in Sources */ = {isa = PBXBuildFile; fileRef = 7D8F0962297FD45C007226D1 /* MainScreenAssembly.swift */; };
		7D8F0965297FD472007226D1 /* Assemblying.swift in Sources */ = {isa = PBXBuildFile; fileRef = 7D8F0964297FD472007226D1 /* Assemblying.swift */; };
		7D8F0968297FD53A007226D1 /* MainScreenRouter.swift in Sources */ = {isa = PBXBuildFile; fileRef = 7D8F0967297FD53A007226D1 /* MainScreenRouter.swift */; };
		7D8F096E29800D02007226D1 /* MyCourseViewModel.swift in Sources */ = {isa = PBXBuildFile; fileRef = 7D8F096D29800D02007226D1 /* MyCourseViewModel.swift */; };
		7D8F09712980118F007226D1 /* SectionConfigurator.swift in Sources */ = {isa = PBXBuildFile; fileRef = 7D8F09702980118F007226D1 /* SectionConfigurator.swift */; };
		7D8F09752980122D007226D1 /* MyCourseView.swift in Sources */ = {isa = PBXBuildFile; fileRef = 7D8F09742980122D007226D1 /* MyCourseView.swift */; };
		7D8F097729801260007226D1 /* MyCourseCell.swift in Sources */ = {isa = PBXBuildFile; fileRef = 7D8F097629801260007226D1 /* MyCourseCell.swift */; };
		7D8F097929801282007226D1 /* MyCourseCellBuilder.swift in Sources */ = {isa = PBXBuildFile; fileRef = 7D8F097829801282007226D1 /* MyCourseCellBuilder.swift */; };
		7D8F097B2980161F007226D1 /* AppConstants.swift in Sources */ = {isa = PBXBuildFile; fileRef = 7D8F097A2980161F007226D1 /* AppConstants.swift */; };
		7D8F0980298063E3007226D1 /* TVSingleCellSectionConfigurator.swift in Sources */ = {isa = PBXBuildFile; fileRef = 7D8F097F298063E3007226D1 /* TVSingleCellSectionConfigurator.swift */; };
		7D8F098229807400007226D1 /* MyCourseSectionConfigurator.swift in Sources */ = {isa = PBXBuildFile; fileRef = 7D8F098129807400007226D1 /* MyCourseSectionConfigurator.swift */; };
		7D8F098429807618007226D1 /* MyCoursesSectionViewModel.swift in Sources */ = {isa = PBXBuildFile; fileRef = 7D8F098329807618007226D1 /* MyCoursesSectionViewModel.swift */; };
		7D8F098829807D63007226D1 /* BaseView.swift in Sources */ = {isa = PBXBuildFile; fileRef = 7D8F098729807D63007226D1 /* BaseView.swift */; };
		7D8F098A2981065F007226D1 /* CALayer + Shadow.swift in Sources */ = {isa = PBXBuildFile; fileRef = 7D8F09892981065F007226D1 /* CALayer + Shadow.swift */; };
		7D8F098C29810CD7007226D1 /* Colors.swift in Sources */ = {isa = PBXBuildFile; fileRef = 7D8F098B29810CD7007226D1 /* Colors.swift */; };
/* End PBXBuildFile section */

/* Begin PBXContainerItemProxy section */
		01AA80A9297A78E3005D89A6 /* PBXContainerItemProxy */ = {
			isa = PBXContainerItemProxy;
			containerPortal = 01AA808A297A78E1005D89A6 /* Project object */;
			proxyType = 1;
			remoteGlobalIDString = 01AA8091297A78E2005D89A6;
			remoteInfo = BasicsOfSurvival.git;
		};
		01AA80B3297A78E3005D89A6 /* PBXContainerItemProxy */ = {
			isa = PBXContainerItemProxy;
			containerPortal = 01AA808A297A78E1005D89A6 /* Project object */;
			proxyType = 1;
			remoteGlobalIDString = 01AA8091297A78E2005D89A6;
			remoteInfo = BasicsOfSurvival.git;
		};
/* End PBXContainerItemProxy section */

/* Begin PBXFileReference section */
		01AA8092297A78E2005D89A6 /* BasicsOfSurvival.git.app */ = {isa = PBXFileReference; explicitFileType = wrapper.application; includeInIndex = 0; path = BasicsOfSurvival.git.app; sourceTree = BUILT_PRODUCTS_DIR; };
		01AA8095297A78E2005D89A6 /* AppDelegate.swift */ = {isa = PBXFileReference; lastKnownFileType = sourcecode.swift; path = AppDelegate.swift; sourceTree = "<group>"; };
		01AA809E297A78E3005D89A6 /* Assets.xcassets */ = {isa = PBXFileReference; lastKnownFileType = folder.assetcatalog; path = Assets.xcassets; sourceTree = "<group>"; };
		01AA80A1297A78E3005D89A6 /* Base */ = {isa = PBXFileReference; lastKnownFileType = file.storyboard; name = Base; path = Base.lproj/LaunchScreen.storyboard; sourceTree = "<group>"; };
		01AA80A3297A78E3005D89A6 /* Info.plist */ = {isa = PBXFileReference; lastKnownFileType = text.plist.xml; path = Info.plist; sourceTree = "<group>"; };
		01AA80A8297A78E3005D89A6 /* BasicsOfSurvival.gitTests.xctest */ = {isa = PBXFileReference; explicitFileType = wrapper.cfbundle; includeInIndex = 0; path = BasicsOfSurvival.gitTests.xctest; sourceTree = BUILT_PRODUCTS_DIR; };
		01AA80AC297A78E3005D89A6 /* BasicsOfSurvival_gitTests.swift */ = {isa = PBXFileReference; lastKnownFileType = sourcecode.swift; path = BasicsOfSurvival_gitTests.swift; sourceTree = "<group>"; };
		01AA80B2297A78E3005D89A6 /* BasicsOfSurvival.gitUITests.xctest */ = {isa = PBXFileReference; explicitFileType = wrapper.cfbundle; includeInIndex = 0; path = BasicsOfSurvival.gitUITests.xctest; sourceTree = BUILT_PRODUCTS_DIR; };
		01AA80B6297A78E3005D89A6 /* BasicsOfSurvival_gitUITests.swift */ = {isa = PBXFileReference; lastKnownFileType = sourcecode.swift; path = BasicsOfSurvival_gitUITests.swift; sourceTree = "<group>"; };
		01AA80B8297A78E3005D89A6 /* BasicsOfSurvival_gitUITestsLaunchTests.swift */ = {isa = PBXFileReference; lastKnownFileType = sourcecode.swift; path = BasicsOfSurvival_gitUITestsLaunchTests.swift; sourceTree = "<group>"; };
		7D8F0910297FC298007226D1 /* UICollectionView + Extension.swift */ = {isa = PBXFileReference; fileEncoding = 4; lastKnownFileType = sourcecode.swift; path = "UICollectionView + Extension.swift"; sourceTree = "<group>"; };
		7D8F0911297FC298007226D1 /* UITableView + Extension.swift */ = {isa = PBXFileReference; fileEncoding = 4; lastKnownFileType = sourcecode.swift; path = "UITableView + Extension.swift"; sourceTree = "<group>"; };
		7D8F0914297FC298007226D1 /* TVBaseCell.swift */ = {isa = PBXFileReference; fileEncoding = 4; lastKnownFileType = sourcecode.swift; path = TVBaseCell.swift; sourceTree = "<group>"; };
		7D8F0916297FC298007226D1 /* TVSectionBuilder.swift */ = {isa = PBXFileReference; fileEncoding = 4; lastKnownFileType = sourcecode.swift; path = TVSectionBuilder.swift; sourceTree = "<group>"; };
		7D8F0918297FC298007226D1 /* CVAdapter.swift */ = {isa = PBXFileReference; fileEncoding = 4; lastKnownFileType = sourcecode.swift; path = CVAdapter.swift; sourceTree = "<group>"; };
		7D8F0919297FC298007226D1 /* TVAdapter.swift */ = {isa = PBXFileReference; fileEncoding = 4; lastKnownFileType = sourcecode.swift; path = TVAdapter.swift; sourceTree = "<group>"; };
		7D8F091B297FC298007226D1 /* TVSectionHeaderBuilder.swift */ = {isa = PBXFileReference; fileEncoding = 4; lastKnownFileType = sourcecode.swift; path = TVSectionHeaderBuilder.swift; sourceTree = "<group>"; };
		7D8F091C297FC298007226D1 /* HeaderSectionModel.swift */ = {isa = PBXFileReference; fileEncoding = 4; lastKnownFileType = sourcecode.swift; path = HeaderSectionModel.swift; sourceTree = "<group>"; };
		7D8F091D297FC298007226D1 /* TVSectionHeaderWithButton.swift */ = {isa = PBXFileReference; fileEncoding = 4; lastKnownFileType = sourcecode.swift; path = TVSectionHeaderWithButton.swift; sourceTree = "<group>"; };
		7D8F091F297FC298007226D1 /* CVItemBuilderProtocol.swift */ = {isa = PBXFileReference; fileEncoding = 4; lastKnownFileType = sourcecode.swift; path = CVItemBuilderProtocol.swift; sourceTree = "<group>"; };
		7D8F0920297FC298007226D1 /* TableViewSectionProtocols.swift */ = {isa = PBXFileReference; fileEncoding = 4; lastKnownFileType = sourcecode.swift; path = TableViewSectionProtocols.swift; sourceTree = "<group>"; };
		7D8F0922297FC298007226D1 /* Fonts.swift */ = {isa = PBXFileReference; fileEncoding = 4; lastKnownFileType = sourcecode.swift; path = Fonts.swift; sourceTree = "<group>"; };
		7D8F0925297FC298007226D1 /* CardViewModel.swift */ = {isa = PBXFileReference; fileEncoding = 4; lastKnownFileType = sourcecode.swift; path = CardViewModel.swift; sourceTree = "<group>"; };
		7D8F0926297FC298007226D1 /* CardSectionViewModel.swift */ = {isa = PBXFileReference; fileEncoding = 4; lastKnownFileType = sourcecode.swift; path = CardSectionViewModel.swift; sourceTree = "<group>"; };
		7D8F092B297FC299007226D1 /* TVSingleCell.swift */ = {isa = PBXFileReference; fileEncoding = 4; lastKnownFileType = sourcecode.swift; path = TVSingleCell.swift; sourceTree = "<group>"; };
		7D8F092E297FC299007226D1 /* CardCell.swift */ = {isa = PBXFileReference; fileEncoding = 4; lastKnownFileType = sourcecode.swift; path = CardCell.swift; sourceTree = "<group>"; };
		7D8F0930297FC299007226D1 /* CardView.swift */ = {isa = PBXFileReference; fileEncoding = 4; lastKnownFileType = sourcecode.swift; path = CardView.swift; sourceTree = "<group>"; };
		7D8F0931297FC299007226D1 /* RingProgressView.swift */ = {isa = PBXFileReference; fileEncoding = 4; lastKnownFileType = sourcecode.swift; path = RingProgressView.swift; sourceTree = "<group>"; };
		7D8F0932297FC299007226D1 /* PaddingLabel.swift */ = {isa = PBXFileReference; fileEncoding = 4; lastKnownFileType = sourcecode.swift; path = PaddingLabel.swift; sourceTree = "<group>"; };
		7D8F0934297FC299007226D1 /* CardItemBuilder.swift */ = {isa = PBXFileReference; fileEncoding = 4; lastKnownFileType = sourcecode.swift; path = CardItemBuilder.swift; sourceTree = "<group>"; };
		7D8F0936297FC299007226D1 /* TVSingleCellBuilder.swift */ = {isa = PBXFileReference; fileEncoding = 4; lastKnownFileType = sourcecode.swift; path = TVSingleCellBuilder.swift; sourceTree = "<group>"; };
		7D8F0938297FC299007226D1 /* MainScreenFactory.swift */ = {isa = PBXFileReference; fileEncoding = 4; lastKnownFileType = sourcecode.swift; path = MainScreenFactory.swift; sourceTree = "<group>"; };
		7D8F0956297FC36B007226D1 /* MainScreenViewController.swift */ = {isa = PBXFileReference; lastKnownFileType = sourcecode.swift; path = MainScreenViewController.swift; sourceTree = "<group>"; };
		7D8F095B297FC39E007226D1 /* MainScreenPresenter.swift */ = {isa = PBXFileReference; lastKnownFileType = sourcecode.swift; path = MainScreenPresenter.swift; sourceTree = "<group>"; };
		7D8F095D297FC4E2007226D1 /* PresentationProtocols.swift */ = {isa = PBXFileReference; lastKnownFileType = sourcecode.swift; path = PresentationProtocols.swift; sourceTree = "<group>"; };
		7D8F0960297FD426007226D1 /* AppCoordinator.swift */ = {isa = PBXFileReference; lastKnownFileType = sourcecode.swift; path = AppCoordinator.swift; sourceTree = "<group>"; };
		7D8F0962297FD45C007226D1 /* MainScreenAssembly.swift */ = {isa = PBXFileReference; lastKnownFileType = sourcecode.swift; path = MainScreenAssembly.swift; sourceTree = "<group>"; };
		7D8F0964297FD472007226D1 /* Assemblying.swift */ = {isa = PBXFileReference; lastKnownFileType = sourcecode.swift; path = Assemblying.swift; sourceTree = "<group>"; };
		7D8F0967297FD53A007226D1 /* MainScreenRouter.swift */ = {isa = PBXFileReference; lastKnownFileType = sourcecode.swift; path = MainScreenRouter.swift; sourceTree = "<group>"; };
		7D8F096D29800D02007226D1 /* MyCourseViewModel.swift */ = {isa = PBXFileReference; lastKnownFileType = sourcecode.swift; path = MyCourseViewModel.swift; sourceTree = "<group>"; };
		7D8F09702980118F007226D1 /* SectionConfigurator.swift */ = {isa = PBXFileReference; lastKnownFileType = sourcecode.swift; path = SectionConfigurator.swift; sourceTree = "<group>"; };
		7D8F09742980122D007226D1 /* MyCourseView.swift */ = {isa = PBXFileReference; lastKnownFileType = sourcecode.swift; path = MyCourseView.swift; sourceTree = "<group>"; };
		7D8F097629801260007226D1 /* MyCourseCell.swift */ = {isa = PBXFileReference; lastKnownFileType = sourcecode.swift; path = MyCourseCell.swift; sourceTree = "<group>"; };
		7D8F097829801282007226D1 /* MyCourseCellBuilder.swift */ = {isa = PBXFileReference; lastKnownFileType = sourcecode.swift; path = MyCourseCellBuilder.swift; sourceTree = "<group>"; };
		7D8F097A2980161F007226D1 /* AppConstants.swift */ = {isa = PBXFileReference; lastKnownFileType = sourcecode.swift; path = AppConstants.swift; sourceTree = "<group>"; };
		7D8F097F298063E3007226D1 /* TVSingleCellSectionConfigurator.swift */ = {isa = PBXFileReference; lastKnownFileType = sourcecode.swift; path = TVSingleCellSectionConfigurator.swift; sourceTree = "<group>"; };
		7D8F098129807400007226D1 /* MyCourseSectionConfigurator.swift */ = {isa = PBXFileReference; lastKnownFileType = sourcecode.swift; path = MyCourseSectionConfigurator.swift; sourceTree = "<group>"; };
		7D8F098329807618007226D1 /* MyCoursesSectionViewModel.swift */ = {isa = PBXFileReference; lastKnownFileType = sourcecode.swift; path = MyCoursesSectionViewModel.swift; sourceTree = "<group>"; };
		7D8F098729807D63007226D1 /* BaseView.swift */ = {isa = PBXFileReference; lastKnownFileType = sourcecode.swift; path = BaseView.swift; sourceTree = "<group>"; };
		7D8F09892981065F007226D1 /* CALayer + Shadow.swift */ = {isa = PBXFileReference; lastKnownFileType = sourcecode.swift; path = "CALayer + Shadow.swift"; sourceTree = "<group>"; };
		7D8F098B29810CD7007226D1 /* Colors.swift */ = {isa = PBXFileReference; lastKnownFileType = sourcecode.swift; path = Colors.swift; sourceTree = "<group>"; };
/* End PBXFileReference section */

/* Begin PBXFrameworksBuildPhase section */
		01AA808F297A78E2005D89A6 /* Frameworks */ = {
			isa = PBXFrameworksBuildPhase;
			buildActionMask = 2147483647;
			files = (
			);
			runOnlyForDeploymentPostprocessing = 0;
		};
		01AA80A5297A78E3005D89A6 /* Frameworks */ = {
			isa = PBXFrameworksBuildPhase;
			buildActionMask = 2147483647;
			files = (
			);
			runOnlyForDeploymentPostprocessing = 0;
		};
		01AA80AF297A78E3005D89A6 /* Frameworks */ = {
			isa = PBXFrameworksBuildPhase;
			buildActionMask = 2147483647;
			files = (
			);
			runOnlyForDeploymentPostprocessing = 0;
		};
/* End PBXFrameworksBuildPhase section */

/* Begin PBXGroup section */
		01AA8089297A78E1005D89A6 = {
			isa = PBXGroup;
			children = (
				01AA8094297A78E2005D89A6 /* BasicsOfSurvival.git */,
				01AA80AB297A78E3005D89A6 /* BasicsOfSurvival.gitTests */,
				01AA80B5297A78E3005D89A6 /* BasicsOfSurvival.gitUITests */,
				01AA8093297A78E2005D89A6 /* Products */,
			);
			sourceTree = "<group>";
		};
		01AA8093297A78E2005D89A6 /* Products */ = {
			isa = PBXGroup;
			children = (
				01AA8092297A78E2005D89A6 /* BasicsOfSurvival.git.app */,
				01AA80A8297A78E3005D89A6 /* BasicsOfSurvival.gitTests.xctest */,
				01AA80B2297A78E3005D89A6 /* BasicsOfSurvival.gitUITests.xctest */,
			);
			name = Products;
			sourceTree = "<group>";
		};
		01AA8094297A78E2005D89A6 /* BasicsOfSurvival.git */ = {
			isa = PBXGroup;
			children = (
				7D8F0951297FC2CA007226D1 /* Resources */,
				7D8F0950297FC2B6007226D1 /* Sources */,
			);
			path = BasicsOfSurvival.git;
			sourceTree = "<group>";
		};
		01AA80AB297A78E3005D89A6 /* BasicsOfSurvival.gitTests */ = {
			isa = PBXGroup;
			children = (
				01AA80AC297A78E3005D89A6 /* BasicsOfSurvival_gitTests.swift */,
			);
			path = BasicsOfSurvival.gitTests;
			sourceTree = "<group>";
		};
		01AA80B5297A78E3005D89A6 /* BasicsOfSurvival.gitUITests */ = {
			isa = PBXGroup;
			children = (
				01AA80B6297A78E3005D89A6 /* BasicsOfSurvival_gitUITests.swift */,
				01AA80B8297A78E3005D89A6 /* BasicsOfSurvival_gitUITestsLaunchTests.swift */,
			);
			path = BasicsOfSurvival.gitUITests;
			sourceTree = "<group>";
		};
		7D8F090F297FC298007226D1 /* Extension */ = {
			isa = PBXGroup;
			children = (
				7D8F09892981065F007226D1 /* CALayer + Shadow.swift */,
				7D8F0910297FC298007226D1 /* UICollectionView + Extension.swift */,
				7D8F0911297FC298007226D1 /* UITableView + Extension.swift */,
			);
			path = Extension;
			sourceTree = "<group>";
		};
		7D8F0912297FC298007226D1 /* Base */ = {
			isa = PBXGroup;
			children = (
				7D8F096F29801176007226D1 /* SectionConfigurator */,
				7D8F0913297FC298007226D1 /* Views */,
				7D8F0915297FC298007226D1 /* Builders */,
				7D8F0917297FC298007226D1 /* Adapters */,
				7D8F091A297FC298007226D1 /* Headers */,
				7D8F091E297FC298007226D1 /* Protocols */,
			);
			path = Base;
			sourceTree = "<group>";
		};
		7D8F0913297FC298007226D1 /* Views */ = {
			isa = PBXGroup;
			children = (
				7D8F0929297FC299007226D1 /* TVSingleCell */,
				7D8F0914297FC298007226D1 /* TVBaseCell.swift */,
				7D8F098729807D63007226D1 /* BaseView.swift */,
			);
			path = Views;
			sourceTree = "<group>";
		};
		7D8F0915297FC298007226D1 /* Builders */ = {
			isa = PBXGroup;
			children = (
				7D8F0916297FC298007226D1 /* TVSectionBuilder.swift */,
			);
			path = Builders;
			sourceTree = "<group>";
		};
		7D8F0917297FC298007226D1 /* Adapters */ = {
			isa = PBXGroup;
			children = (
				7D8F0918297FC298007226D1 /* CVAdapter.swift */,
				7D8F0919297FC298007226D1 /* TVAdapter.swift */,
			);
			path = Adapters;
			sourceTree = "<group>";
		};
		7D8F091A297FC298007226D1 /* Headers */ = {
			isa = PBXGroup;
			children = (
				7D8F091D297FC298007226D1 /* TVSectionHeaderWithButton.swift */,
				7D8F091B297FC298007226D1 /* TVSectionHeaderBuilder.swift */,
				7D8F091C297FC298007226D1 /* HeaderSectionModel.swift */,
			);
			path = Headers;
			sourceTree = "<group>";
		};
		7D8F091E297FC298007226D1 /* Protocols */ = {
			isa = PBXGroup;
			children = (
				7D8F0964297FD472007226D1 /* Assemblying.swift */,
				7D8F091F297FC298007226D1 /* CVItemBuilderProtocol.swift */,
				7D8F0920297FC298007226D1 /* TableViewSectionProtocols.swift */,
				7D8F095D297FC4E2007226D1 /* PresentationProtocols.swift */,
			);
			path = Protocols;
			sourceTree = "<group>";
		};
		7D8F0921297FC298007226D1 /* Constants */ = {
			isa = PBXGroup;
			children = (
				7D8F0922297FC298007226D1 /* Fonts.swift */,
				7D8F098B29810CD7007226D1 /* Colors.swift */,
				7D8F097A2980161F007226D1 /* AppConstants.swift */,
			);
			path = Constants;
			sourceTree = "<group>";
		};
		7D8F0923297FC298007226D1 /* MainScreen */ = {
			isa = PBXGroup;
			children = (
				7D8F0924297FC298007226D1 /* ViewModels */,
				7D8F0954297FC33D007226D1 /* Views */,
				7D8F0958297FC376007226D1 /* Presenter */,
				7D8F0966297FD510007226D1 /* Router */,
				7D8F0969297FD551007226D1 /* Assembly */,
			);
			path = MainScreen;
			sourceTree = "<group>";
		};
		7D8F0924297FC298007226D1 /* ViewModels */ = {
			isa = PBXGroup;
			children = (
				7D8F098529807664007226D1 /* Card */,
				7D8F09862980766D007226D1 /* MyCourses */,
			);
			path = ViewModels;
			sourceTree = "<group>";
		};
		7D8F0927297FC298007226D1 /* CardSection */ = {
			isa = PBXGroup;
			children = (
				7D8F092D297FC299007226D1 /* Cells */,
				7D8F0933297FC299007226D1 /* Builders */,
			);
			path = CardSection;
			sourceTree = "<group>";
		};
		7D8F0929297FC299007226D1 /* TVSingleCell */ = {
			isa = PBXGroup;
			children = (
				7D8F097F298063E3007226D1 /* TVSingleCellSectionConfigurator.swift */,
				7D8F092A297FC299007226D1 /* Cells */,
				7D8F0935297FC299007226D1 /* Builders */,
			);
			path = TVSingleCell;
			sourceTree = "<group>";
		};
		7D8F092A297FC299007226D1 /* Cells */ = {
			isa = PBXGroup;
			children = (
				7D8F092B297FC299007226D1 /* TVSingleCell.swift */,
			);
			path = Cells;
			sourceTree = "<group>";
		};
		7D8F092D297FC299007226D1 /* Cells */ = {
			isa = PBXGroup;
			children = (
				7D8F092E297FC299007226D1 /* CardCell.swift */,
				7D8F092F297FC299007226D1 /* CardView */,
			);
			path = Cells;
			sourceTree = "<group>";
		};
		7D8F092F297FC299007226D1 /* CardView */ = {
			isa = PBXGroup;
			children = (
				7D8F0930297FC299007226D1 /* CardView.swift */,
				7D8F0931297FC299007226D1 /* RingProgressView.swift */,
				7D8F0932297FC299007226D1 /* PaddingLabel.swift */,
			);
			path = CardView;
			sourceTree = "<group>";
		};
		7D8F0933297FC299007226D1 /* Builders */ = {
			isa = PBXGroup;
			children = (
				7D8F0934297FC299007226D1 /* CardItemBuilder.swift */,
			);
			path = Builders;
			sourceTree = "<group>";
		};
		7D8F0935297FC299007226D1 /* Builders */ = {
			isa = PBXGroup;
			children = (
				7D8F0936297FC299007226D1 /* TVSingleCellBuilder.swift */,
			);
			path = Builders;
			sourceTree = "<group>";
		};
		7D8F0937297FC299007226D1 /* Factory */ = {
			isa = PBXGroup;
			children = (
				7D8F0938297FC299007226D1 /* MainScreenFactory.swift */,
			);
			path = Factory;
			sourceTree = "<group>";
		};
		7D8F0950297FC2B6007226D1 /* Sources */ = {
			isa = PBXGroup;
			children = (
				7D8F095F297FD414007226D1 /* AppDelegate */,
				7D8F0921297FC298007226D1 /* Constants */,
				7D8F090F297FC298007226D1 /* Extension */,
				7D8F0952297FC302007226D1 /* App */,
			);
			path = Sources;
			sourceTree = "<group>";
		};
		7D8F0951297FC2CA007226D1 /* Resources */ = {
			isa = PBXGroup;
			children = (
				01AA809E297A78E3005D89A6 /* Assets.xcassets */,
				01AA80A0297A78E3005D89A6 /* LaunchScreen.storyboard */,
				01AA80A3297A78E3005D89A6 /* Info.plist */,
			);
			path = Resources;
			sourceTree = "<group>";
		};
		7D8F0952297FC302007226D1 /* App */ = {
			isa = PBXGroup;
			children = (
				7D8F0912297FC298007226D1 /* Base */,
				7D8F0923297FC298007226D1 /* MainScreen */,
			);
			path = App;
			sourceTree = "<group>";
		};
		7D8F0954297FC33D007226D1 /* Views */ = {
			isa = PBXGroup;
			children = (
				7D8F0955297FC34D007226D1 /* Controller */,
				7D8F0937297FC299007226D1 /* Factory */,
				7D8F0927297FC298007226D1 /* CardSection */,
				7D8F096A29800BA3007226D1 /* MyCoursesSection */,
			);
			path = Views;
			sourceTree = "<group>";
		};
		7D8F0955297FC34D007226D1 /* Controller */ = {
			isa = PBXGroup;
			children = (
				7D8F0956297FC36B007226D1 /* MainScreenViewController.swift */,
			);
			path = Controller;
			sourceTree = "<group>";
		};
		7D8F0958297FC376007226D1 /* Presenter */ = {
			isa = PBXGroup;
			children = (
				7D8F095B297FC39E007226D1 /* MainScreenPresenter.swift */,
			);
			path = Presenter;
			sourceTree = "<group>";
		};
		7D8F095F297FD414007226D1 /* AppDelegate */ = {
			isa = PBXGroup;
			children = (
				01AA8095297A78E2005D89A6 /* AppDelegate.swift */,
				7D8F0960297FD426007226D1 /* AppCoordinator.swift */,
			);
			path = AppDelegate;
			sourceTree = "<group>";
		};
		7D8F0966297FD510007226D1 /* Router */ = {
			isa = PBXGroup;
			children = (
				7D8F0967297FD53A007226D1 /* MainScreenRouter.swift */,
			);
			path = Router;
			sourceTree = "<group>";
		};
		7D8F0969297FD551007226D1 /* Assembly */ = {
			isa = PBXGroup;
			children = (
				7D8F0962297FD45C007226D1 /* MainScreenAssembly.swift */,
			);
			path = Assembly;
			sourceTree = "<group>";
		};
		7D8F096A29800BA3007226D1 /* MyCoursesSection */ = {
			isa = PBXGroup;
			children = (
				7D8F0972298011C7007226D1 /* Cells */,
				7D8F0973298011CD007226D1 /* Builders */,
			);
			path = MyCoursesSection;
			sourceTree = "<group>";
		};
		7D8F096F29801176007226D1 /* SectionConfigurator */ = {
			isa = PBXGroup;
			children = (
				7D8F09702980118F007226D1 /* SectionConfigurator.swift */,
			);
			path = SectionConfigurator;
			sourceTree = "<group>";
		};
		7D8F0972298011C7007226D1 /* Cells */ = {
			isa = PBXGroup;
			children = (
				7D8F097629801260007226D1 /* MyCourseCell.swift */,
				7D8F097C29803509007226D1 /* MyCourseView */,
				7D8F098129807400007226D1 /* MyCourseSectionConfigurator.swift */,
			);
			path = Cells;
			sourceTree = "<group>";
		};
		7D8F0973298011CD007226D1 /* Builders */ = {
			isa = PBXGroup;
			children = (
				7D8F097829801282007226D1 /* MyCourseCellBuilder.swift */,
			);
			path = Builders;
			sourceTree = "<group>";
		};
		7D8F097C29803509007226D1 /* MyCourseView */ = {
			isa = PBXGroup;
			children = (
				7D8F09742980122D007226D1 /* MyCourseView.swift */,
			);
			path = MyCourseView;
			sourceTree = "<group>";
		};
		7D8F098529807664007226D1 /* Card */ = {
			isa = PBXGroup;
			children = (
				7D8F0925297FC298007226D1 /* CardViewModel.swift */,
				7D8F0926297FC298007226D1 /* CardSectionViewModel.swift */,
			);
			path = Card;
			sourceTree = "<group>";
		};
		7D8F09862980766D007226D1 /* MyCourses */ = {
			isa = PBXGroup;
			children = (
				7D8F096D29800D02007226D1 /* MyCourseViewModel.swift */,
				7D8F098329807618007226D1 /* MyCoursesSectionViewModel.swift */,
			);
			path = MyCourses;
			sourceTree = "<group>";
		};
/* End PBXGroup section */

/* Begin PBXNativeTarget section */
		01AA8091297A78E2005D89A6 /* BasicsOfSurvival.git */ = {
			isa = PBXNativeTarget;
			buildConfigurationList = 01AA80BC297A78E3005D89A6 /* Build configuration list for PBXNativeTarget "BasicsOfSurvival.git" */;
			buildPhases = (
				01AA808E297A78E2005D89A6 /* Sources */,
				01AA808F297A78E2005D89A6 /* Frameworks */,
				01AA8090297A78E2005D89A6 /* Resources */,
			);
			buildRules = (
			);
			dependencies = (
			);
			name = BasicsOfSurvival.git;
			productName = BasicsOfSurvival.git;
			productReference = 01AA8092297A78E2005D89A6 /* BasicsOfSurvival.git.app */;
			productType = "com.apple.product-type.application";
		};
		01AA80A7297A78E3005D89A6 /* BasicsOfSurvival.gitTests */ = {
			isa = PBXNativeTarget;
			buildConfigurationList = 01AA80BF297A78E3005D89A6 /* Build configuration list for PBXNativeTarget "BasicsOfSurvival.gitTests" */;
			buildPhases = (
				01AA80A4297A78E3005D89A6 /* Sources */,
				01AA80A5297A78E3005D89A6 /* Frameworks */,
				01AA80A6297A78E3005D89A6 /* Resources */,
			);
			buildRules = (
			);
			dependencies = (
				01AA80AA297A78E3005D89A6 /* PBXTargetDependency */,
			);
			name = BasicsOfSurvival.gitTests;
			productName = BasicsOfSurvival.gitTests;
			productReference = 01AA80A8297A78E3005D89A6 /* BasicsOfSurvival.gitTests.xctest */;
			productType = "com.apple.product-type.bundle.unit-test";
		};
		01AA80B1297A78E3005D89A6 /* BasicsOfSurvival.gitUITests */ = {
			isa = PBXNativeTarget;
			buildConfigurationList = 01AA80C2297A78E3005D89A6 /* Build configuration list for PBXNativeTarget "BasicsOfSurvival.gitUITests" */;
			buildPhases = (
				01AA80AE297A78E3005D89A6 /* Sources */,
				01AA80AF297A78E3005D89A6 /* Frameworks */,
				01AA80B0297A78E3005D89A6 /* Resources */,
			);
			buildRules = (
			);
			dependencies = (
				01AA80B4297A78E3005D89A6 /* PBXTargetDependency */,
			);
			name = BasicsOfSurvival.gitUITests;
			productName = BasicsOfSurvival.gitUITests;
			productReference = 01AA80B2297A78E3005D89A6 /* BasicsOfSurvival.gitUITests.xctest */;
			productType = "com.apple.product-type.bundle.ui-testing";
		};
/* End PBXNativeTarget section */

/* Begin PBXProject section */
		01AA808A297A78E1005D89A6 /* Project object */ = {
			isa = PBXProject;
			attributes = {
				BuildIndependentTargetsInParallel = 1;
				LastSwiftUpdateCheck = 1410;
				LastUpgradeCheck = 1410;
				TargetAttributes = {
					01AA8091297A78E2005D89A6 = {
						CreatedOnToolsVersion = 14.1;
					};
					01AA80A7297A78E3005D89A6 = {
						CreatedOnToolsVersion = 14.1;
						TestTargetID = 01AA8091297A78E2005D89A6;
					};
					01AA80B1297A78E3005D89A6 = {
						CreatedOnToolsVersion = 14.1;
						TestTargetID = 01AA8091297A78E2005D89A6;
					};
				};
			};
			buildConfigurationList = 01AA808D297A78E1005D89A6 /* Build configuration list for PBXProject "BasicsOfSurvival.git" */;
			compatibilityVersion = "Xcode 14.0";
			developmentRegion = en;
			hasScannedForEncodings = 0;
			knownRegions = (
				en,
				Base,
			);
			mainGroup = 01AA8089297A78E1005D89A6;
			productRefGroup = 01AA8093297A78E2005D89A6 /* Products */;
			projectDirPath = "";
			projectRoot = "";
			targets = (
				01AA8091297A78E2005D89A6 /* BasicsOfSurvival.git */,
				01AA80A7297A78E3005D89A6 /* BasicsOfSurvival.gitTests */,
				01AA80B1297A78E3005D89A6 /* BasicsOfSurvival.gitUITests */,
			);
		};
/* End PBXProject section */

/* Begin PBXResourcesBuildPhase section */
		01AA8090297A78E2005D89A6 /* Resources */ = {
			isa = PBXResourcesBuildPhase;
			buildActionMask = 2147483647;
			files = (
				01AA80A2297A78E3005D89A6 /* LaunchScreen.storyboard in Resources */,
				01AA809F297A78E3005D89A6 /* Assets.xcassets in Resources */,
			);
			runOnlyForDeploymentPostprocessing = 0;
		};
		01AA80A6297A78E3005D89A6 /* Resources */ = {
			isa = PBXResourcesBuildPhase;
			buildActionMask = 2147483647;
			files = (
			);
			runOnlyForDeploymentPostprocessing = 0;
		};
		01AA80B0297A78E3005D89A6 /* Resources */ = {
			isa = PBXResourcesBuildPhase;
			buildActionMask = 2147483647;
			files = (
			);
			runOnlyForDeploymentPostprocessing = 0;
		};
/* End PBXResourcesBuildPhase section */

/* Begin PBXSourcesBuildPhase section */
		01AA808E297A78E2005D89A6 /* Sources */ = {
			isa = PBXSourcesBuildPhase;
			buildActionMask = 2147483647;
			files = (
				7D8F094D297FC299007226D1 /* CardItemBuilder.swift in Sources */,
				7D8F093B297FC299007226D1 /* TVBaseCell.swift in Sources */,
				7D8F0944297FC299007226D1 /* Fonts.swift in Sources */,
				7D8F0941297FC299007226D1 /* TVSectionHeaderWithButton.swift in Sources */,
				7D8F09712980118F007226D1 /* SectionConfigurator.swift in Sources */,
				7D8F0945297FC299007226D1 /* CardViewModel.swift in Sources */,
				7D8F09752980122D007226D1 /* MyCourseView.swift in Sources */,
				7D8F098829807D63007226D1 /* BaseView.swift in Sources */,
				7D8F097929801282007226D1 /* MyCourseCellBuilder.swift in Sources */,
				7D8F093D297FC299007226D1 /* CVAdapter.swift in Sources */,
				7D8F0963297FD45C007226D1 /* MainScreenAssembly.swift in Sources */,
				7D8F096E29800D02007226D1 /* MyCourseViewModel.swift in Sources */,
				7D8F094A297FC299007226D1 /* CardView.swift in Sources */,
				7D8F095C297FC39E007226D1 /* MainScreenPresenter.swift in Sources */,
				7D8F093E297FC299007226D1 /* TVAdapter.swift in Sources */,
				7D8F0968297FD53A007226D1 /* MainScreenRouter.swift in Sources */,
				7D8F0949297FC299007226D1 /* CardCell.swift in Sources */,
				7D8F0943297FC299007226D1 /* TableViewSectionProtocols.swift in Sources */,
				7D8F0946297FC299007226D1 /* CardSectionViewModel.swift in Sources */,
				7D8F097B2980161F007226D1 /* AppConstants.swift in Sources */,
				7D8F0980298063E3007226D1 /* TVSingleCellSectionConfigurator.swift in Sources */,
				7D8F093F297FC299007226D1 /* TVSectionHeaderBuilder.swift in Sources */,
				01AA8096297A78E2005D89A6 /* AppDelegate.swift in Sources */,
				7D8F0948297FC299007226D1 /* TVSingleCell.swift in Sources */,
				7D8F0940297FC299007226D1 /* HeaderSectionModel.swift in Sources */,
				7D8F0957297FC36B007226D1 /* MainScreenViewController.swift in Sources */,
				7D8F094C297FC299007226D1 /* PaddingLabel.swift in Sources */,
				7D8F094E297FC299007226D1 /* TVSingleCellBuilder.swift in Sources */,
				7D8F0961297FD426007226D1 /* AppCoordinator.swift in Sources */,
				7D8F094F297FC299007226D1 /* MainScreenFactory.swift in Sources */,
				7D8F0942297FC299007226D1 /* CVItemBuilderProtocol.swift in Sources */,
				7D8F098C29810CD7007226D1 /* Colors.swift in Sources */,
				7D8F0939297FC299007226D1 /* UICollectionView + Extension.swift in Sources */,
				7D8F093C297FC299007226D1 /* TVSectionBuilder.swift in Sources */,
				7D8F0965297FD472007226D1 /* Assemblying.swift in Sources */,
				7D8F098229807400007226D1 /* MyCourseSectionConfigurator.swift in Sources */,
				7D8F098A2981065F007226D1 /* CALayer + Shadow.swift in Sources */,
				7D8F097729801260007226D1 /* MyCourseCell.swift in Sources */,
				7D8F098429807618007226D1 /* MyCoursesSectionViewModel.swift in Sources */,
				7D8F093A297FC299007226D1 /* UITableView + Extension.swift in Sources */,
				7D8F094B297FC299007226D1 /* RingProgressView.swift in Sources */,
				7D8F095E297FC4E2007226D1 /* PresentationProtocols.swift in Sources */,
			);
			runOnlyForDeploymentPostprocessing = 0;
		};
		01AA80A4297A78E3005D89A6 /* Sources */ = {
			isa = PBXSourcesBuildPhase;
			buildActionMask = 2147483647;
			files = (
				01AA80AD297A78E3005D89A6 /* BasicsOfSurvival_gitTests.swift in Sources */,
			);
			runOnlyForDeploymentPostprocessing = 0;
		};
		01AA80AE297A78E3005D89A6 /* Sources */ = {
			isa = PBXSourcesBuildPhase;
			buildActionMask = 2147483647;
			files = (
				01AA80B7297A78E3005D89A6 /* BasicsOfSurvival_gitUITests.swift in Sources */,
				01AA80B9297A78E3005D89A6 /* BasicsOfSurvival_gitUITestsLaunchTests.swift in Sources */,
			);
			runOnlyForDeploymentPostprocessing = 0;
		};
/* End PBXSourcesBuildPhase section */

/* Begin PBXTargetDependency section */
		01AA80AA297A78E3005D89A6 /* PBXTargetDependency */ = {
			isa = PBXTargetDependency;
			target = 01AA8091297A78E2005D89A6 /* BasicsOfSurvival.git */;
			targetProxy = 01AA80A9297A78E3005D89A6 /* PBXContainerItemProxy */;
		};
		01AA80B4297A78E3005D89A6 /* PBXTargetDependency */ = {
			isa = PBXTargetDependency;
			target = 01AA8091297A78E2005D89A6 /* BasicsOfSurvival.git */;
			targetProxy = 01AA80B3297A78E3005D89A6 /* PBXContainerItemProxy */;
		};
/* End PBXTargetDependency section */

/* Begin PBXVariantGroup section */
		01AA80A0297A78E3005D89A6 /* LaunchScreen.storyboard */ = {
			isa = PBXVariantGroup;
			children = (
				01AA80A1297A78E3005D89A6 /* Base */,
			);
			name = LaunchScreen.storyboard;
			sourceTree = "<group>";
		};
/* End PBXVariantGroup section */

/* Begin XCBuildConfiguration section */
		01AA80BA297A78E3005D89A6 /* Debug */ = {
			isa = XCBuildConfiguration;
			buildSettings = {
				ALWAYS_SEARCH_USER_PATHS = NO;
				CLANG_ANALYZER_NONNULL = YES;
				CLANG_ANALYZER_NUMBER_OBJECT_CONVERSION = YES_AGGRESSIVE;
				CLANG_CXX_LANGUAGE_STANDARD = "gnu++20";
				CLANG_ENABLE_MODULES = YES;
				CLANG_ENABLE_OBJC_ARC = YES;
				CLANG_ENABLE_OBJC_WEAK = YES;
				CLANG_WARN_BLOCK_CAPTURE_AUTORELEASING = YES;
				CLANG_WARN_BOOL_CONVERSION = YES;
				CLANG_WARN_COMMA = YES;
				CLANG_WARN_CONSTANT_CONVERSION = YES;
				CLANG_WARN_DEPRECATED_OBJC_IMPLEMENTATIONS = YES;
				CLANG_WARN_DIRECT_OBJC_ISA_USAGE = YES_ERROR;
				CLANG_WARN_DOCUMENTATION_COMMENTS = YES;
				CLANG_WARN_EMPTY_BODY = YES;
				CLANG_WARN_ENUM_CONVERSION = YES;
				CLANG_WARN_INFINITE_RECURSION = YES;
				CLANG_WARN_INT_CONVERSION = YES;
				CLANG_WARN_NON_LITERAL_NULL_CONVERSION = YES;
				CLANG_WARN_OBJC_IMPLICIT_RETAIN_SELF = YES;
				CLANG_WARN_OBJC_LITERAL_CONVERSION = YES;
				CLANG_WARN_OBJC_ROOT_CLASS = YES_ERROR;
				CLANG_WARN_QUOTED_INCLUDE_IN_FRAMEWORK_HEADER = YES;
				CLANG_WARN_RANGE_LOOP_ANALYSIS = YES;
				CLANG_WARN_STRICT_PROTOTYPES = YES;
				CLANG_WARN_SUSPICIOUS_MOVE = YES;
				CLANG_WARN_UNGUARDED_AVAILABILITY = YES_AGGRESSIVE;
				CLANG_WARN_UNREACHABLE_CODE = YES;
				CLANG_WARN__DUPLICATE_METHOD_MATCH = YES;
				COPY_PHASE_STRIP = NO;
				DEBUG_INFORMATION_FORMAT = dwarf;
				ENABLE_STRICT_OBJC_MSGSEND = YES;
				ENABLE_TESTABILITY = YES;
				GCC_C_LANGUAGE_STANDARD = gnu11;
				GCC_DYNAMIC_NO_PIC = NO;
				GCC_NO_COMMON_BLOCKS = YES;
				GCC_OPTIMIZATION_LEVEL = 0;
				GCC_PREPROCESSOR_DEFINITIONS = (
					"DEBUG=1",
					"$(inherited)",
				);
				GCC_WARN_64_TO_32_BIT_CONVERSION = YES;
				GCC_WARN_ABOUT_RETURN_TYPE = YES_ERROR;
				GCC_WARN_UNDECLARED_SELECTOR = YES;
				GCC_WARN_UNINITIALIZED_AUTOS = YES_AGGRESSIVE;
				GCC_WARN_UNUSED_FUNCTION = YES;
				GCC_WARN_UNUSED_VARIABLE = YES;
				IPHONEOS_DEPLOYMENT_TARGET = 16.1;
				MTL_ENABLE_DEBUG_INFO = INCLUDE_SOURCE;
				MTL_FAST_MATH = YES;
				ONLY_ACTIVE_ARCH = YES;
				SDKROOT = iphoneos;
				SWIFT_ACTIVE_COMPILATION_CONDITIONS = DEBUG;
				SWIFT_OPTIMIZATION_LEVEL = "-Onone";
			};
			name = Debug;
		};
		01AA80BB297A78E3005D89A6 /* Release */ = {
			isa = XCBuildConfiguration;
			buildSettings = {
				ALWAYS_SEARCH_USER_PATHS = NO;
				CLANG_ANALYZER_NONNULL = YES;
				CLANG_ANALYZER_NUMBER_OBJECT_CONVERSION = YES_AGGRESSIVE;
				CLANG_CXX_LANGUAGE_STANDARD = "gnu++20";
				CLANG_ENABLE_MODULES = YES;
				CLANG_ENABLE_OBJC_ARC = YES;
				CLANG_ENABLE_OBJC_WEAK = YES;
				CLANG_WARN_BLOCK_CAPTURE_AUTORELEASING = YES;
				CLANG_WARN_BOOL_CONVERSION = YES;
				CLANG_WARN_COMMA = YES;
				CLANG_WARN_CONSTANT_CONVERSION = YES;
				CLANG_WARN_DEPRECATED_OBJC_IMPLEMENTATIONS = YES;
				CLANG_WARN_DIRECT_OBJC_ISA_USAGE = YES_ERROR;
				CLANG_WARN_DOCUMENTATION_COMMENTS = YES;
				CLANG_WARN_EMPTY_BODY = YES;
				CLANG_WARN_ENUM_CONVERSION = YES;
				CLANG_WARN_INFINITE_RECURSION = YES;
				CLANG_WARN_INT_CONVERSION = YES;
				CLANG_WARN_NON_LITERAL_NULL_CONVERSION = YES;
				CLANG_WARN_OBJC_IMPLICIT_RETAIN_SELF = YES;
				CLANG_WARN_OBJC_LITERAL_CONVERSION = YES;
				CLANG_WARN_OBJC_ROOT_CLASS = YES_ERROR;
				CLANG_WARN_QUOTED_INCLUDE_IN_FRAMEWORK_HEADER = YES;
				CLANG_WARN_RANGE_LOOP_ANALYSIS = YES;
				CLANG_WARN_STRICT_PROTOTYPES = YES;
				CLANG_WARN_SUSPICIOUS_MOVE = YES;
				CLANG_WARN_UNGUARDED_AVAILABILITY = YES_AGGRESSIVE;
				CLANG_WARN_UNREACHABLE_CODE = YES;
				CLANG_WARN__DUPLICATE_METHOD_MATCH = YES;
				COPY_PHASE_STRIP = NO;
				DEBUG_INFORMATION_FORMAT = "dwarf-with-dsym";
				ENABLE_NS_ASSERTIONS = NO;
				ENABLE_STRICT_OBJC_MSGSEND = YES;
				GCC_C_LANGUAGE_STANDARD = gnu11;
				GCC_NO_COMMON_BLOCKS = YES;
				GCC_WARN_64_TO_32_BIT_CONVERSION = YES;
				GCC_WARN_ABOUT_RETURN_TYPE = YES_ERROR;
				GCC_WARN_UNDECLARED_SELECTOR = YES;
				GCC_WARN_UNINITIALIZED_AUTOS = YES_AGGRESSIVE;
				GCC_WARN_UNUSED_FUNCTION = YES;
				GCC_WARN_UNUSED_VARIABLE = YES;
				IPHONEOS_DEPLOYMENT_TARGET = 16.1;
				MTL_ENABLE_DEBUG_INFO = NO;
				MTL_FAST_MATH = YES;
				SDKROOT = iphoneos;
				SWIFT_COMPILATION_MODE = wholemodule;
				SWIFT_OPTIMIZATION_LEVEL = "-O";
				VALIDATE_PRODUCT = YES;
			};
			name = Release;
		};
		01AA80BD297A78E3005D89A6 /* Debug */ = {
			isa = XCBuildConfiguration;
			buildSettings = {
				ASSETCATALOG_COMPILER_APPICON_NAME = AppIcon;
				ASSETCATALOG_COMPILER_GLOBAL_ACCENT_COLOR_NAME = AccentColor;
				CODE_SIGN_STYLE = Automatic;
				CURRENT_PROJECT_VERSION = 1;
				GENERATE_INFOPLIST_FILE = YES;
				INFOPLIST_FILE = BasicsOfSurvival.git/Resources/Info.plist;
				INFOPLIST_KEY_UIApplicationSupportsIndirectInputEvents = YES;
				INFOPLIST_KEY_UILaunchStoryboardName = LaunchScreen;
				INFOPLIST_KEY_UISupportedInterfaceOrientations_iPad = "UIInterfaceOrientationPortrait UIInterfaceOrientationPortraitUpsideDown UIInterfaceOrientationLandscapeLeft UIInterfaceOrientationLandscapeRight";
				INFOPLIST_KEY_UISupportedInterfaceOrientations_iPhone = "UIInterfaceOrientationPortrait UIInterfaceOrientationLandscapeLeft UIInterfaceOrientationLandscapeRight";
				LD_RUNPATH_SEARCH_PATHS = (
					"$(inherited)",
					"@executable_path/Frameworks",
				);
				MARKETING_VERSION = 1.0;
				PRODUCT_BUNDLE_IDENTIFIER = "SwiftBook.BasicsOfSurvival-git";
				PRODUCT_NAME = "$(TARGET_NAME)";
				SWIFT_EMIT_LOC_STRINGS = YES;
				SWIFT_VERSION = 5.0;
				TARGETED_DEVICE_FAMILY = "1,2";
			};
			name = Debug;
		};
		01AA80BE297A78E3005D89A6 /* Release */ = {
			isa = XCBuildConfiguration;
			buildSettings = {
				ASSETCATALOG_COMPILER_APPICON_NAME = AppIcon;
				ASSETCATALOG_COMPILER_GLOBAL_ACCENT_COLOR_NAME = AccentColor;
				CODE_SIGN_STYLE = Automatic;
				CURRENT_PROJECT_VERSION = 1;
				GENERATE_INFOPLIST_FILE = YES;
				INFOPLIST_FILE = BasicsOfSurvival.git/Resources/Info.plist;
				INFOPLIST_KEY_UIApplicationSupportsIndirectInputEvents = YES;
				INFOPLIST_KEY_UILaunchStoryboardName = LaunchScreen;
				INFOPLIST_KEY_UISupportedInterfaceOrientations_iPad = "UIInterfaceOrientationPortrait UIInterfaceOrientationPortraitUpsideDown UIInterfaceOrientationLandscapeLeft UIInterfaceOrientationLandscapeRight";
				INFOPLIST_KEY_UISupportedInterfaceOrientations_iPhone = "UIInterfaceOrientationPortrait UIInterfaceOrientationLandscapeLeft UIInterfaceOrientationLandscapeRight";
				LD_RUNPATH_SEARCH_PATHS = (
					"$(inherited)",
					"@executable_path/Frameworks",
				);
				MARKETING_VERSION = 1.0;
				PRODUCT_BUNDLE_IDENTIFIER = "SwiftBook.BasicsOfSurvival-git";
				PRODUCT_NAME = "$(TARGET_NAME)";
				SWIFT_EMIT_LOC_STRINGS = YES;
				SWIFT_VERSION = 5.0;
				TARGETED_DEVICE_FAMILY = "1,2";
			};
			name = Release;
		};
		01AA80C0297A78E3005D89A6 /* Debug */ = {
			isa = XCBuildConfiguration;
			buildSettings = {
				ALWAYS_EMBED_SWIFT_STANDARD_LIBRARIES = YES;
				BUNDLE_LOADER = "$(TEST_HOST)";
				CODE_SIGN_STYLE = Automatic;
				CURRENT_PROJECT_VERSION = 1;
				GENERATE_INFOPLIST_FILE = YES;
				IPHONEOS_DEPLOYMENT_TARGET = 16.1;
				MARKETING_VERSION = 1.0;
				PRODUCT_BUNDLE_IDENTIFIER = "SwiftBook.BasicsOfSurvival-gitTests";
				PRODUCT_NAME = "$(TARGET_NAME)";
				SWIFT_EMIT_LOC_STRINGS = NO;
				SWIFT_VERSION = 5.0;
				TARGETED_DEVICE_FAMILY = "1,2";
				TEST_HOST = "$(BUILT_PRODUCTS_DIR)/BasicsOfSurvival.git.app/$(BUNDLE_EXECUTABLE_FOLDER_PATH)/BasicsOfSurvival.git";
			};
			name = Debug;
		};
		01AA80C1297A78E3005D89A6 /* Release */ = {
			isa = XCBuildConfiguration;
			buildSettings = {
				ALWAYS_EMBED_SWIFT_STANDARD_LIBRARIES = YES;
				BUNDLE_LOADER = "$(TEST_HOST)";
				CODE_SIGN_STYLE = Automatic;
				CURRENT_PROJECT_VERSION = 1;
				GENERATE_INFOPLIST_FILE = YES;
				IPHONEOS_DEPLOYMENT_TARGET = 16.1;
				MARKETING_VERSION = 1.0;
				PRODUCT_BUNDLE_IDENTIFIER = "SwiftBook.BasicsOfSurvival-gitTests";
				PRODUCT_NAME = "$(TARGET_NAME)";
				SWIFT_EMIT_LOC_STRINGS = NO;
				SWIFT_VERSION = 5.0;
				TARGETED_DEVICE_FAMILY = "1,2";
				TEST_HOST = "$(BUILT_PRODUCTS_DIR)/BasicsOfSurvival.git.app/$(BUNDLE_EXECUTABLE_FOLDER_PATH)/BasicsOfSurvival.git";
			};
			name = Release;
		};
		01AA80C3297A78E3005D89A6 /* Debug */ = {
			isa = XCBuildConfiguration;
			buildSettings = {
				ALWAYS_EMBED_SWIFT_STANDARD_LIBRARIES = YES;
				CODE_SIGN_STYLE = Automatic;
				CURRENT_PROJECT_VERSION = 1;
				GENERATE_INFOPLIST_FILE = YES;
				MARKETING_VERSION = 1.0;
				PRODUCT_BUNDLE_IDENTIFIER = "SwiftBook.BasicsOfSurvival-gitUITests";
				PRODUCT_NAME = "$(TARGET_NAME)";
				SWIFT_EMIT_LOC_STRINGS = NO;
				SWIFT_VERSION = 5.0;
				TARGETED_DEVICE_FAMILY = "1,2";
				TEST_TARGET_NAME = BasicsOfSurvival.git;
			};
			name = Debug;
		};
		01AA80C4297A78E3005D89A6 /* Release */ = {
			isa = XCBuildConfiguration;
			buildSettings = {
				ALWAYS_EMBED_SWIFT_STANDARD_LIBRARIES = YES;
				CODE_SIGN_STYLE = Automatic;
				CURRENT_PROJECT_VERSION = 1;
				GENERATE_INFOPLIST_FILE = YES;
				MARKETING_VERSION = 1.0;
				PRODUCT_BUNDLE_IDENTIFIER = "SwiftBook.BasicsOfSurvival-gitUITests";
				PRODUCT_NAME = "$(TARGET_NAME)";
				SWIFT_EMIT_LOC_STRINGS = NO;
				SWIFT_VERSION = 5.0;
				TARGETED_DEVICE_FAMILY = "1,2";
				TEST_TARGET_NAME = BasicsOfSurvival.git;
			};
			name = Release;
		};
/* End XCBuildConfiguration section */

/* Begin XCConfigurationList section */
		01AA808D297A78E1005D89A6 /* Build configuration list for PBXProject "BasicsOfSurvival.git" */ = {
			isa = XCConfigurationList;
			buildConfigurations = (
				01AA80BA297A78E3005D89A6 /* Debug */,
				01AA80BB297A78E3005D89A6 /* Release */,
			);
			defaultConfigurationIsVisible = 0;
			defaultConfigurationName = Release;
		};
		01AA80BC297A78E3005D89A6 /* Build configuration list for PBXNativeTarget "BasicsOfSurvival.git" */ = {
			isa = XCConfigurationList;
			buildConfigurations = (
				01AA80BD297A78E3005D89A6 /* Debug */,
				01AA80BE297A78E3005D89A6 /* Release */,
			);
			defaultConfigurationIsVisible = 0;
			defaultConfigurationName = Release;
		};
		01AA80BF297A78E3005D89A6 /* Build configuration list for PBXNativeTarget "BasicsOfSurvival.gitTests" */ = {
			isa = XCConfigurationList;
			buildConfigurations = (
				01AA80C0297A78E3005D89A6 /* Debug */,
				01AA80C1297A78E3005D89A6 /* Release */,
			);
			defaultConfigurationIsVisible = 0;
			defaultConfigurationName = Release;
		};
		01AA80C2297A78E3005D89A6 /* Build configuration list for PBXNativeTarget "BasicsOfSurvival.gitUITests" */ = {
			isa = XCConfigurationList;
			buildConfigurations = (
				01AA80C3297A78E3005D89A6 /* Debug */,
				01AA80C4297A78E3005D89A6 /* Release */,
			);
			defaultConfigurationIsVisible = 0;
			defaultConfigurationName = Release;
		};
/* End XCConfigurationList section */
	};
	rootObject = 01AA808A297A78E1005D89A6 /* Project object */;
}
